
Microsoft Visual Studio Solution File, Format Version 12.00
# Visual Studio Version 17
VisualStudioVersion = 17.1.32319.34
MinimumVisualStudioVersion = 10.0.40219.1
Project("{9A19103F-16F7-4668-BE54-9A1E7A4F7556}") = "WinFormsApp1", "WinFormsApp1\WinFormsApp1.csproj", "{7B2C3CC7-1EC2-4D0E-BEDD-12AE19307865}"
EndProject
Global
	GlobalSection(SolutionConfigurationPlatforms) = preSolution
		Debug|Any CPU = Debug|Any CPU
		Release|Any CPU = Release|Any CPU
	EndGlobalSection
	GlobalSection(ProjectConfigurationPlatforms) = postSolution
		{7B2C3CC7-1EC2-4D0E-BEDD-12AE19307865}.Debug|Any CPU.ActiveCfg = Debug|Any CPU
		{7B2C3CC7-1EC2-4D0E-BEDD-12AE19307865}.Debug|Any CPU.Build.0 = Debug|Any CPU
		{7B2C3CC7-1EC2-4D0E-BEDD-12AE19307865}.Release|Any CPU.ActiveCfg = Release|Any CPU
		{7B2C3CC7-1EC2-4D0E-BEDD-12AE19307865}.Release|Any CPU.Build.0 = Release|Any CPU
	EndGlobalSection
	GlobalSection(SolutionProperties) = preSolution
		HideSolutionNode = FALSE
	EndGlobalSection
	GlobalSection(ExtensibilityGlobals) = postSolution
		SolutionGuid = {1F6AB1C0-D42F-4705-8056-C6E5F9D7276D}
	EndGlobalSection
EndGlobal
